
Microsoft Visual Studio Solution File, Format Version 12.00
Project("{FAE04EC0-301F-11D3-BF4B-00C04F79EFBC}") = "RPG_Generator", "RPG_Generator\RPG_Generator.csproj", "{C125B7B2-9407-483B-9134-B5FAE6649555}"
EndProject
Global
	GlobalSection(SolutionConfigurationPlatforms) = preSolution
		Debug|Any CPU = Debug|Any CPU
		Release|Any CPU = Release|Any CPU
	EndGlobalSection
	GlobalSection(ProjectConfigurationPlatforms) = postSolution
		{C125B7B2-9407-483B-9134-B5FAE6649555}.Debug|Any CPU.ActiveCfg = Debug|Any CPU
		{C125B7B2-9407-483B-9134-B5FAE6649555}.Debug|Any CPU.Build.0 = Debug|Any CPU
		{C125B7B2-9407-483B-9134-B5FAE6649555}.Release|Any CPU.ActiveCfg = Release|Any CPU
		{C125B7B2-9407-483B-9134-B5FAE6649555}.Release|Any CPU.Build.0 = Release|Any CPU
	EndGlobalSection
EndGlobal
